schema: '2.0'
stages:
  data_ingestion:
    cmd: python src/cnnClassifier/pipeline/stage01_data_ingestion.py
    deps:
    - path: config/config.yaml
      hash: md5
      md5: 6c3bc16bac845a36a63c91d71274a62a
      size: 717
    - path: src/cnnClassifier/pipeline/stage01_data_ingestion.py
      hash: md5
      md5: 78c9d45e3c3e890f2c77b21bd60d9e8a
      size: 1495
    outs:
    - path: artifacts/data_ingestion/Chest-CT-Scan-data
      hash: md5
      md5: 904fa45d934ce879b3b1933dca6cb2f1.dir
      size: 49247431
      nfiles: 343
  prepare_base_model:
    cmd: python src/cnnClassifier/pipeline/stage02_prepare_base_model.py
    deps:
    - path: config/config.yaml
      hash: md5
      md5: 6c3bc16bac845a36a63c91d71274a62a
      size: 717
    - path: src/cnnClassifier/pipeline/stage02_prepare_base_model.py
      hash: md5
      md5: d41406397b8c9049cabada31f291a383
      size: 1636
    params:
      params.yaml:
        CLASSES: 2
        IMAGE_SIZE:
        - 224
        - 224
        - 3
        INCLUDE_TOP: false
        LEARNING_RATE: 0.001
        WEIGHTS: imagenet
    outs:
    - path: artifacts/prepare_base_model
      hash: md5
      md5: 1277dd9a44f9d52254c3d2956cdb1275.dir
      size: 118054560
      nfiles: 2
  training:
    cmd: python src/cnnClassifier/pipeline/stage03_model_trainer.py
    deps:
    - path: artifacts/data_ingestion/Chest-CT-Scan-data
      hash: md5
      md5: 904fa45d934ce879b3b1933dca6cb2f1.dir
      size: 49247431
      nfiles: 343
    - path: artifacts/prepare_base_model
      hash: md5
      md5: 1277dd9a44f9d52254c3d2956cdb1275.dir
      size: 118054560
      nfiles: 2
    - path: config/config.yaml
      hash: md5
      md5: 6c3bc16bac845a36a63c91d71274a62a
      size: 717
    - path: src/cnnClassifier/pipeline/stage03_model_trainer.py
      hash: md5
      md5: 9941ae561a47abf4f64dde07d9aaa6e2
      size: 1793
    params:
      params.yaml:
        AUGMENTATION: true
        BATCH_SIZE: 32
        EPOCHS: 10
        IMAGE_SIZE:
        - 224
        - 224
        - 3
    outs:
    - path: artifacts/training/model.h5
      hash: md5
      md5: 1275a100b995176fb9bcb2aa6a525ded
      size: 59337520
  evaluation:
    cmd: python src/cnnClassifier/pipeline/stage04_model_evaluation.py
    deps:
    - path: artifacts/data_ingestion/Chest-CT-Scan-data
      hash: md5
      md5: 904fa45d934ce879b3b1933dca6cb2f1.dir
      size: 49247431
      nfiles: 343
    - path: artifacts/training/model.h5
      hash: md5
      md5: 1275a100b995176fb9bcb2aa6a525ded
      size: 59337520
    - path: config/config.yaml
      hash: md5
      md5: 6c3bc16bac845a36a63c91d71274a62a
      size: 717
    - path: src/cnnClassifier/pipeline/stage04_model_evaluation.py
      hash: md5
      md5: e437329d90cc6dc950104acec29d4a80
      size: 1614
    params:
      params.yaml:
        BATCH_SIZE: 32
        IMAGE_SIZE:
        - 224
        - 224
        - 3
    outs:
    - path: scores.json
      hash: md5
      md5: ccd90ba07ecf554ce4aa57bb0973edeb
      size: 59
